
Microsoft Visual Studio Solution File, Format Version 12.00
# Visual Studio Version 17
VisualStudioVersion = 17.1.32319.34
MinimumVisualStudioVersion = 10.0.40219.1
Project("{FAE04EC0-301F-11D3-BF4B-00C04F79EFBC}") = "CRUDWebAPI", "CRUDWebAPI.csproj", "{FAFE65D4-FAE1-4821-AFA5-01B471A03543}"
EndProject
Global
	GlobalSection(SolutionConfigurationPlatforms) = preSolution
		Debug|Any CPU = Debug|Any CPU
		Release|Any CPU = Release|Any CPU
	EndGlobalSection
	GlobalSection(ProjectConfigurationPlatforms) = postSolution
		{FAFE65D4-FAE1-4821-AFA5-01B471A03543}.Debug|Any CPU.ActiveCfg = Debug|Any CPU
		{FAFE65D4-FAE1-4821-AFA5-01B471A03543}.Debug|Any CPU.Build.0 = Debug|Any CPU
		{FAFE65D4-FAE1-4821-AFA5-01B471A03543}.Release|Any CPU.ActiveCfg = Release|Any CPU
		{FAFE65D4-FAE1-4821-AFA5-01B471A03543}.Release|Any CPU.Build.0 = Release|Any CPU
	EndGlobalSection
	GlobalSection(SolutionProperties) = preSolution
		HideSolutionNode = FALSE
	EndGlobalSection
	GlobalSection(ExtensibilityGlobals) = postSolution
		SolutionGuid = {A77D3210-1C98-4A68-971B-7F3D3E2B2F5C}
	EndGlobalSection
EndGlobal
